
Microsoft Visual Studio Solution File, Format Version 12.00
# Visual Studio 15
VisualStudioVersion = 15.0.27004.2009
MinimumVisualStudioVersion = 10.0.40219.1
Project("{8BC9CEB8-8B4A-11D0-8D11-00A0C91BC942}") = "PigsOf3", "PigsOf3\PigsOf3.vcxproj", "{00C37535-A876-4407-9743-FEFC63F784D7}"
EndProject
Global
	GlobalSection(SolutionConfigurationPlatforms) = preSolution
		Debug|x64 = Debug|x64
		Debug|x86 = Debug|x86
		Release|x64 = Release|x64
		Release|x86 = Release|x86
	EndGlobalSection
	GlobalSection(ProjectConfigurationPlatforms) = postSolution
		{00C37535-A876-4407-9743-FEFC63F784D7}.Debug|x64.ActiveCfg = Debug|x64
		{00C37535-A876-4407-9743-FEFC63F784D7}.Debug|x64.Build.0 = Debug|x64
		{00C37535-A876-4407-9743-FEFC63F784D7}.Debug|x86.ActiveCfg = Debug|Win32
		{00C37535-A876-4407-9743-FEFC63F784D7}.Debug|x86.Build.0 = Debug|Win32
		{00C37535-A876-4407-9743-FEFC63F784D7}.Release|x64.ActiveCfg = Release|x64
		{00C37535-A876-4407-9743-FEFC63F784D7}.Release|x64.Build.0 = Release|x64
		{00C37535-A876-4407-9743-FEFC63F784D7}.Release|x86.ActiveCfg = Release|Win32
		{00C37535-A876-4407-9743-FEFC63F784D7}.Release|x86.Build.0 = Release|Win32
	EndGlobalSection
	GlobalSection(SolutionProperties) = preSolution
		HideSolutionNode = FALSE
	EndGlobalSection
	GlobalSection(ExtensibilityGlobals) = postSolution
		SolutionGuid = {760D0DD9-409E-4657-AAF9-4C5024F706C5}
	EndGlobalSection
EndGlobal
